// !$*UTF8*$!
{
	archiveVersion = 1;
	classes = {
	};
	objectVersion = 50;
	objects = {

/* Begin PBXBuildFile section */
		4BA2984A20E116BF009283AF /* AppDelegate.swift in Sources */ = {isa = PBXBuildFile; fileRef = 4BA2984920E116BF009283AF /* AppDelegate.swift */; };
		4BA2984C20E116BF009283AF /* ViewController.swift in Sources */ = {isa = PBXBuildFile; fileRef = 4BA2984B20E116BF009283AF /* ViewController.swift */; };
		4BA2984F20E116BF009283AF /* Main.storyboard in Resources */ = {isa = PBXBuildFile; fileRef = 4BA2984D20E116BF009283AF /* Main.storyboard */; };
		4BA2985120E116C0009283AF /* Assets.xcassets in Resources */ = {isa = PBXBuildFile; fileRef = 4BA2985020E116C0009283AF /* Assets.xcassets */; };
		4BA2985420E116C0009283AF /* LaunchScreen.storyboard in Resources */ = {isa = PBXBuildFile; fileRef = 4BA2985220E116C0009283AF /* LaunchScreen.storyboard */; };
		4BA2985C20E117B1009283AF /* ModalViewController.swift in Sources */ = {isa = PBXBuildFile; fileRef = 4BA2985B20E117B1009283AF /* ModalViewController.swift */; };
		4BA2985E20E118BC009283AF /* DismissAnimator.swift in Sources */ = {isa = PBXBuildFile; fileRef = 4BA2985D20E118BC009283AF /* DismissAnimator.swift */; };
		4BA2986020E11A0A009283AF /* DismissSegue.swift in Sources */ = {isa = PBXBuildFile; fileRef = 4BA2985F20E11A0A009283AF /* DismissSegue.swift */; };
		4BA2986420E12669009283AF /* DismissPresentationController.swift in Sources */ = {isa = PBXBuildFile; fileRef = 4BA2986320E12669009283AF /* DismissPresentationController.swift */; };
		4BA2986820E127C1009283AF /* Menu.swift in Sources */ = {isa = PBXBuildFile; fileRef = 4BA2986720E127C1009283AF /* Menu.swift */; };
		4BA2986A20E12CF7009283AF /* SlideInPresentationManager.swift in Sources */ = {isa = PBXBuildFile; fileRef = 4BA2986920E12CF7009283AF /* SlideInPresentationManager.swift */; };
		4BA2986C20E12E66009283AF /* SlideInPresentationController.swift in Sources */ = {isa = PBXBuildFile; fileRef = 4BA2986B20E12E66009283AF /* SlideInPresentationController.swift */; };
		4BA2986E20E12F73009283AF /* SlideInPresentationAnimator.swift in Sources */ = {isa = PBXBuildFile; fileRef = 4BA2986D20E12F73009283AF /* SlideInPresentationAnimator.swift */; };
		4BA2987020E13092009283AF /* InteractiveTransition.swift in Sources */ = {isa = PBXBuildFile; fileRef = 4BA2986F20E13092009283AF /* InteractiveTransition.swift */; };
/* End PBXBuildFile section */

/* Begin PBXFileReference section */
		4BA2984620E116BF009283AF /* CustomTranstions.app */ = {isa = PBXFileReference; explicitFileType = wrapper.application; includeInIndex = 0; path = CustomTranstions.app; sourceTree = BUILT_PRODUCTS_DIR; };
		4BA2984920E116BF009283AF /* AppDelegate.swift */ = {isa = PBXFileReference; lastKnownFileType = sourcecode.swift; path = AppDelegate.swift; sourceTree = "<group>"; };
		4BA2984B20E116BF009283AF /* ViewController.swift */ = {isa = PBXFileReference; lastKnownFileType = sourcecode.swift; path = ViewController.swift; sourceTree = "<group>"; };
		4BA2984E20E116BF009283AF /* Base */ = {isa = PBXFileReference; lastKnownFileType = file.storyboard; name = Base; path = Base.lproj/Main.storyboard; sourceTree = "<group>"; };
		4BA2985020E116C0009283AF /* Assets.xcassets */ = {isa = PBXFileReference; lastKnownFileType = folder.assetcatalog; path = Assets.xcassets; sourceTree = "<group>"; };
		4BA2985320E116C0009283AF /* Base */ = {isa = PBXFileReference; lastKnownFileType = file.storyboard; name = Base; path = Base.lproj/LaunchScreen.storyboard; sourceTree = "<group>"; };
		4BA2985520E116C0009283AF /* Info.plist */ = {isa = PBXFileReference; lastKnownFileType = text.plist.xml; path = Info.plist; sourceTree = "<group>"; };
		4BA2985B20E117B1009283AF /* ModalViewController.swift */ = {isa = PBXFileReference; lastKnownFileType = sourcecode.swift; path = ModalViewController.swift; sourceTree = "<group>"; };
		4BA2985D20E118BC009283AF /* DismissAnimator.swift */ = {isa = PBXFileReference; lastKnownFileType = sourcecode.swift; path = DismissAnimator.swift; sourceTree = "<group>"; };
		4BA2985F20E11A0A009283AF /* DismissSegue.swift */ = {isa = PBXFileReference; lastKnownFileType = sourcecode.swift; path = DismissSegue.swift; sourceTree = "<group>"; };
		4BA2986320E12669009283AF /* DismissPresentationController.swift */ = {isa = PBXFileReference; lastKnownFileType = sourcecode.swift; path = DismissPresentationController.swift; sourceTree = "<group>"; };
		4BA2986720E127C1009283AF /* Menu.swift */ = {isa = PBXFileReference; lastKnownFileType = sourcecode.swift; path = Menu.swift; sourceTree = "<group>"; };
		4BA2986920E12CF7009283AF /* SlideInPresentationManager.swift */ = {isa = PBXFileReference; lastKnownFileType = sourcecode.swift; path = SlideInPresentationManager.swift; sourceTree = "<group>"; };
		4BA2986B20E12E66009283AF /* SlideInPresentationController.swift */ = {isa = PBXFileReference; lastKnownFileType = sourcecode.swift; path = SlideInPresentationController.swift; sourceTree = "<group>"; };
		4BA2986D20E12F73009283AF /* SlideInPresentationAnimator.swift */ = {isa = PBXFileReference; lastKnownFileType = sourcecode.swift; path = SlideInPresentationAnimator.swift; sourceTree = "<group>"; };
		4BA2986F20E13092009283AF /* InteractiveTransition.swift */ = {isa = PBXFileReference; lastKnownFileType = sourcecode.swift; path = InteractiveTransition.swift; sourceTree = "<group>"; };
/* End PBXFileReference section */

/* Begin PBXFrameworksBuildPhase section */
		4BA2984320E116BF009283AF /* Frameworks */ = {
			isa = PBXFrameworksBuildPhase;
			buildActionMask = 2147483647;
			files = (
			);
			runOnlyForDeploymentPostprocessing = 0;
		};
/* End PBXFrameworksBuildPhase section */

/* Begin PBXGroup section */
		4BA2983D20E116BF009283AF = {
			isa = PBXGroup;
			children = (
				4BA2984820E116BF009283AF /* CustomTranstions */,
				4BA2984720E116BF009283AF /* Products */,
			);
			sourceTree = "<group>";
		};
		4BA2984720E116BF009283AF /* Products */ = {
			isa = PBXGroup;
			children = (
				4BA2984620E116BF009283AF /* CustomTranstions.app */,
			);
			name = Products;
			sourceTree = "<group>";
		};
		4BA2984820E116BF009283AF /* CustomTranstions */ = {
			isa = PBXGroup;
			children = (
				4BA2984920E116BF009283AF /* AppDelegate.swift */,
				4BA2984B20E116BF009283AF /* ViewController.swift */,
				4BA2985B20E117B1009283AF /* ModalViewController.swift */,
				4BA2985F20E11A0A009283AF /* DismissSegue.swift */,
				4BA2985D20E118BC009283AF /* DismissAnimator.swift */,
				4BA2986320E12669009283AF /* DismissPresentationController.swift */,
				4BA2986720E127C1009283AF /* Menu.swift */,
				4BA2986920E12CF7009283AF /* SlideInPresentationManager.swift */,
				4BA2986B20E12E66009283AF /* SlideInPresentationController.swift */,
				4BA2986D20E12F73009283AF /* SlideInPresentationAnimator.swift */,
				4BA2986F20E13092009283AF /* InteractiveTransition.swift */,
				4BA2984D20E116BF009283AF /* Main.storyboard */,
				4BA2985020E116C0009283AF /* Assets.xcassets */,
				4BA2985220E116C0009283AF /* LaunchScreen.storyboard */,
				4BA2985520E116C0009283AF /* Info.plist */,
			);
			path = CustomTranstions;
			sourceTree = "<group>";
		};
/* End PBXGroup section */

/* Begin PBXNativeTarget section */
		4BA2984520E116BF009283AF /* CustomTranstions */ = {
			isa = PBXNativeTarget;
			buildConfigurationList = 4BA2985820E116C0009283AF /* Build configuration list for PBXNativeTarget "CustomTranstions" */;
			buildPhases = (
				4BA2984220E116BF009283AF /* Sources */,
				4BA2984320E116BF009283AF /* Frameworks */,
				4BA2984420E116BF009283AF /* Resources */,
			);
			buildRules = (
			);
			dependencies = (
			);
			name = CustomTranstions;
			productName = CustomTranstions;
			productReference = 4BA2984620E116BF009283AF /* CustomTranstions.app */;
			productType = "com.apple.product-type.application";
		};
/* End PBXNativeTarget section */

/* Begin PBXProject section */
		4BA2983E20E116BF009283AF /* Project object */ = {
			isa = PBXProject;
			attributes = {
				LastSwiftUpdateCheck = 0940;
				LastUpgradeCheck = 0940;
				ORGANIZATIONNAME = "Sergey Pugach";
				TargetAttributes = {
					4BA2984520E116BF009283AF = {
						CreatedOnToolsVersion = 9.4;
					};
				};
			};
			buildConfigurationList = 4BA2984120E116BF009283AF /* Build configuration list for PBXProject "CustomTranstions" */;
			compatibilityVersion = "Xcode 9.3";
			developmentRegion = en;
			hasScannedForEncodings = 0;
			knownRegions = (
				en,
				Base,
			);
			mainGroup = 4BA2983D20E116BF009283AF;
			productRefGroup = 4BA2984720E116BF009283AF /* Products */;
			projectDirPath = "";
			projectRoot = "";
			targets = (
				4BA2984520E116BF009283AF /* CustomTranstions */,
			);
		};
/* End PBXProject section */

/* Begin PBXResourcesBuildPhase section */
		4BA2984420E116BF009283AF /* Resources */ = {
			isa = PBXResourcesBuildPhase;
			buildActionMask = 2147483647;
			files = (
				4BA2985420E116C0009283AF /* LaunchScreen.storyboard in Resources */,
				4BA2985120E116C0009283AF /* Assets.xcassets in Resources */,
				4BA2984F20E116BF009283AF /* Main.storyboard in Resources */,
			);
			runOnlyForDeploymentPostprocessing = 0;
		};
/* End PBXResourcesBuildPhase section */

/* Begin PBXSourcesBuildPhase section */
		4BA2984220E116BF009283AF /* Sources */ = {
			isa = PBXSourcesBuildPhase;
			buildActionMask = 2147483647;
			files = (
				4BA2986420E12669009283AF /* DismissPresentationController.swift in Sources */,
				4BA2986E20E12F73009283AF /* SlideInPresentationAnimator.swift in Sources */,
				4BA2986A20E12CF7009283AF /* SlideInPresentationManager.swift in Sources */,
				4BA2984C20E116BF009283AF /* ViewController.swift in Sources */,
				4BA2986820E127C1009283AF /* Menu.swift in Sources */,
				4BA2986020E11A0A009283AF /* DismissSegue.swift in Sources */,
				4BA2985C20E117B1009283AF /* ModalViewController.swift in Sources */,
				4BA2987020E13092009283AF /* InteractiveTransition.swift in Sources */,
				4BA2984A20E116BF009283AF /* AppDelegate.swift in Sources */,
				4BA2986C20E12E66009283AF /* SlideInPresentationController.swift in Sources */,
				4BA2985E20E118BC009283AF /* DismissAnimator.swift in Sources */,
			);
			runOnlyForDeploymentPostprocessing = 0;
		};
/* End PBXSourcesBuildPhase section */

/* Begin PBXVariantGroup section */
		4BA2984D20E116BF009283AF /* Main.storyboard */ = {
			isa = PBXVariantGroup;
			children = (
				4BA2984E20E116BF009283AF /* Base */,
			);
			name = Main.storyboard;
			sourceTree = "<group>";
		};
		4BA2985220E116C0009283AF /* LaunchScreen.storyboard */ = {
			isa = PBXVariantGroup;
			children = (
				4BA2985320E116C0009283AF /* Base */,
			);
			name = LaunchScreen.storyboard;
			sourceTree = "<group>";
		};
/* End PBXVariantGroup section */

/* Begin XCBuildConfiguration section */
		4BA2985620E116C0009283AF /* Debug */ = {
			isa = XCBuildConfiguration;
			buildSettings = {
				ALWAYS_SEARCH_USER_PATHS = NO;
				CLANG_ANALYZER_NONNULL = YES;
				CLANG_ANALYZER_NUMBER_OBJECT_CONVERSION = YES_AGGRESSIVE;
				CLANG_CXX_LANGUAGE_STANDARD = "gnu++14";
				CLANG_CXX_LIBRARY = "libc++";
				CLANG_ENABLE_MODULES = YES;
				CLANG_ENABLE_OBJC_ARC = YES;
				CLANG_ENABLE_OBJC_WEAK = YES;
				CLANG_WARN_BLOCK_CAPTURE_AUTORELEASING = YES;
				CLANG_WARN_BOOL_CONVERSION = YES;
				CLANG_WARN_COMMA = YES;
				CLANG_WARN_CONSTANT_CONVERSION = YES;
				CLANG_WARN_DEPRECATED_OBJC_IMPLEMENTATIONS = YES;
				CLANG_WARN_DIRECT_OBJC_ISA_USAGE = YES_ERROR;
				CLANG_WARN_DOCUMENTATION_COMMENTS = YES;
				CLANG_WARN_EMPTY_BODY = YES;
				CLANG_WARN_ENUM_CONVERSION = YES;
				CLANG_WARN_INFINITE_RECURSION = YES;
				CLANG_WARN_INT_CONVERSION = YES;
				CLANG_WARN_NON_LITERAL_NULL_CONVERSION = YES;
				CLANG_WARN_OBJC_IMPLICIT_RETAIN_SELF = YES;
				CLANG_WARN_OBJC_LITERAL_CONVERSION = YES;
				CLANG_WARN_OBJC_ROOT_CLASS = YES_ERROR;
				CLANG_WARN_RANGE_LOOP_ANALYSIS = YES;
				CLANG_WARN_STRICT_PROTOTYPES = YES;
				CLANG_WARN_SUSPICIOUS_MOVE = YES;
				CLANG_WARN_UNGUARDED_AVAILABILITY = YES_AGGRESSIVE;
				CLANG_WARN_UNREACHABLE_CODE = YES;
				CLANG_WARN__DUPLICATE_METHOD_MATCH = YES;
				CODE_SIGN_IDENTITY = "iPhone Developer";
				COPY_PHASE_STRIP = NO;
				DEBUG_INFORMATION_FORMAT = dwarf;
				ENABLE_STRICT_OBJC_MSGSEND = YES;
				ENABLE_TESTABILITY = YES;
				GCC_C_LANGUAGE_STANDARD = gnu11;
				GCC_DYNAMIC_NO_PIC = NO;
				GCC_NO_COMMON_BLOCKS = YES;
				GCC_OPTIMIZATION_LEVEL = 0;
				GCC_PREPROCESSOR_DEFINITIONS = (
					"DEBUG=1",
					"$(inherited)",
				);
				GCC_WARN_64_TO_32_BIT_CONVERSION = YES;
				GCC_WARN_ABOUT_RETURN_TYPE = YES_ERROR;
				GCC_WARN_UNDECLARED_SELECTOR = YES;
				GCC_WARN_UNINITIALIZED_AUTOS = YES_AGGRESSIVE;
				GCC_WARN_UNUSED_FUNCTION = YES;
				GCC_WARN_UNUSED_VARIABLE = YES;
				IPHONEOS_DEPLOYMENT_TARGET = 11.4;
				MTL_ENABLE_DEBUG_INFO = YES;
				ONLY_ACTIVE_ARCH = YES;
				SDKROOT = iphoneos;
				SWIFT_ACTIVE_COMPILATION_CONDITIONS = DEBUG;
				SWIFT_OPTIMIZATION_LEVEL = "-Onone";
			};
			name = Debug;
		};
		4BA2985720E116C0009283AF /* Release */ = {
			isa = XCBuildConfiguration;
			buildSettings = {
				ALWAYS_SEARCH_USER_PATHS = NO;
				CLANG_ANALYZER_NONNULL = YES;
				CLANG_ANALYZER_NUMBER_OBJECT_CONVERSION = YES_AGGRESSIVE;
				CLANG_CXX_LANGUAGE_STANDARD = "gnu++14";
				CLANG_CXX_LIBRARY = "libc++";
				CLANG_ENABLE_MODULES = YES;
				CLANG_ENABLE_OBJC_ARC = YES;
				CLANG_ENABLE_OBJC_WEAK = YES;
				CLANG_WARN_BLOCK_CAPTURE_AUTORELEASING = YES;
				CLANG_WARN_BOOL_CONVERSION = YES;
				CLANG_WARN_COMMA = YES;
				CLANG_WARN_CONSTANT_CONVERSION = YES;
				CLANG_WARN_DEPRECATED_OBJC_IMPLEMENTATIONS = YES;
				CLANG_WARN_DIRECT_OBJC_ISA_USAGE = YES_ERROR;
				CLANG_WARN_DOCUMENTATION_COMMENTS = YES;
				CLANG_WARN_EMPTY_BODY = YES;
				CLANG_WARN_ENUM_CONVERSION = YES;
				CLANG_WARN_INFINITE_RECURSION = YES;
				CLANG_WARN_INT_CONVERSION = YES;
				CLANG_WARN_NON_LITERAL_NULL_CONVERSION = YES;
				CLANG_WARN_OBJC_IMPLICIT_RETAIN_SELF = YES;
				CLANG_WARN_OBJC_LITERAL_CONVERSION = YES;
				CLANG_WARN_OBJC_ROOT_CLASS = YES_ERROR;
				CLANG_WARN_RANGE_LOOP_ANALYSIS = YES;
				CLANG_WARN_STRICT_PROTOTYPES = YES;
				CLANG_WARN_SUSPICIOUS_MOVE = YES;
				CLANG_WARN_UNGUARDED_AVAILABILITY = YES_AGGRESSIVE;
				CLANG_WARN_UNREACHABLE_CODE = YES;
				CLANG_WARN__DUPLICATE_METHOD_MATCH = YES;
				CODE_SIGN_IDENTITY = "iPhone Developer";
				COPY_PHASE_STRIP = NO;
				DEBUG_INFORMATION_FORMAT = "dwarf-with-dsym";
				ENABLE_NS_ASSERTIONS = NO;
				ENABLE_STRICT_OBJC_MSGSEND = YES;
				GCC_C_LANGUAGE_STANDARD = gnu11;
				GCC_NO_COMMON_BLOCKS = YES;
				GCC_WARN_64_TO_32_BIT_CONVERSION = YES;
				GCC_WARN_ABOUT_RETURN_TYPE = YES_ERROR;
				GCC_WARN_UNDECLARED_SELECTOR = YES;
				GCC_WARN_UNINITIALIZED_AUTOS = YES_AGGRESSIVE;
				GCC_WARN_UNUSED_FUNCTION = YES;
				GCC_WARN_UNUSED_VARIABLE = YES;
				IPHONEOS_DEPLOYMENT_TARGET = 11.4;
				MTL_ENABLE_DEBUG_INFO = NO;
				SDKROOT = iphoneos;
				SWIFT_COMPILATION_MODE = wholemodule;
				SWIFT_OPTIMIZATION_LEVEL = "-O";
				VALIDATE_PRODUCT = YES;
			};
			name = Release;
		};
		4BA2985920E116C0009283AF /* Debug */ = {
			isa = XCBuildConfiguration;
			buildSettings = {
				ASSETCATALOG_COMPILER_APPICON_NAME = AppIcon;
				CODE_SIGN_STYLE = Automatic;
				DEVELOPMENT_TEAM = X5Q7L6Y26Q;
				INFOPLIST_FILE = CustomTranstions/Info.plist;
				LD_RUNPATH_SEARCH_PATHS = (
					"$(inherited)",
					"@executable_path/Frameworks",
				);
				PRODUCT_BUNDLE_IDENTIFIER = SergeyPugach.CustomTranstions;
				PRODUCT_NAME = "$(TARGET_NAME)";
				SWIFT_VERSION = 4.0;
				TARGETED_DEVICE_FAMILY = "1,2";
			};
			name = Debug;
		};
		4BA2985A20E116C0009283AF /* Release */ = {
			isa = XCBuildConfiguration;
			buildSettings = {
				ASSETCATALOG_COMPILER_APPICON_NAME = AppIcon;
				CODE_SIGN_STYLE = Automatic;
				DEVELOPMENT_TEAM = X5Q7L6Y26Q;
				INFOPLIST_FILE = CustomTranstions/Info.plist;
				LD_RUNPATH_SEARCH_PATHS = (
					"$(inherited)",
					"@executable_path/Frameworks",
				);
				PRODUCT_BUNDLE_IDENTIFIER = SergeyPugach.CustomTranstions;
				PRODUCT_NAME = "$(TARGET_NAME)";
				SWIFT_VERSION = 4.0;
				TARGETED_DEVICE_FAMILY = "1,2";
			};
			name = Release;
		};
/* End XCBuildConfiguration section */

/* Begin XCConfigurationList section */
		4BA2984120E116BF009283AF /* Build configuration list for PBXProject "CustomTranstions" */ = {
			isa = XCConfigurationList;
			buildConfigurations = (
				4BA2985620E116C0009283AF /* Debug */,
				4BA2985720E116C0009283AF /* Release */,
			);
			defaultConfigurationIsVisible = 0;
			defaultConfigurationName = Release;
		};
		4BA2985820E116C0009283AF /* Build configuration list for PBXNativeTarget "CustomTranstions" */ = {
			isa = XCConfigurationList;
			buildConfigurations = (
				4BA2985920E116C0009283AF /* Debug */,
				4BA2985A20E116C0009283AF /* Release */,
			);
			defaultConfigurationIsVisible = 0;
			defaultConfigurationName = Release;
		};
/* End XCConfigurationList section */
	};
	rootObject = 4BA2983E20E116BF009283AF /* Project object */;
}
